
Microsoft Visual Studio Solution File, Format Version 12.00
# Visual Studio 2013
VisualStudioVersion = 12.0.30501.0
MinimumVisualStudioVersion = 10.0.40219.1
Project("{FAE04EC0-301F-11D3-BF4B-00C04F79EFBC}") = "YandexAPI", "YandexAPI\YandexAPI.csproj", "{FFC34E3D-8BD0-48F1-8D2B-5474179FCB79}"
EndProject
Project("{FAE04EC0-301F-11D3-BF4B-00C04F79EFBC}") = "SampleYandexAPI", "SampleYandexAPI\SampleYandexAPI.csproj", "{8DB31967-D117-425E-979B-F5BAACE69988}"
EndProject
Project("{FAE04EC0-301F-11D3-BF4B-00C04F79EFBC}") = "WindowsFormsSampleYandexAPI", "WindowsFormsSampleYandexAPI\WindowsFormsSampleYandexAPI.csproj", "{14F870F4-7B5A-435B-A0FC-727A796392F7}"
EndProject
Global
	GlobalSection(SolutionConfigurationPlatforms) = preSolution
		Debug|Any CPU = Debug|Any CPU
		Release|Any CPU = Release|Any CPU
	EndGlobalSection
	GlobalSection(ProjectConfigurationPlatforms) = postSolution
		{FFC34E3D-8BD0-48F1-8D2B-5474179FCB79}.Debug|Any CPU.ActiveCfg = Debug|Any CPU
		{FFC34E3D-8BD0-48F1-8D2B-5474179FCB79}.Debug|Any CPU.Build.0 = Debug|Any CPU
		{FFC34E3D-8BD0-48F1-8D2B-5474179FCB79}.Release|Any CPU.ActiveCfg = Release|Any CPU
		{FFC34E3D-8BD0-48F1-8D2B-5474179FCB79}.Release|Any CPU.Build.0 = Release|Any CPU
		{8DB31967-D117-425E-979B-F5BAACE69988}.Debug|Any CPU.ActiveCfg = Debug|Any CPU
		{8DB31967-D117-425E-979B-F5BAACE69988}.Debug|Any CPU.Build.0 = Debug|Any CPU
		{8DB31967-D117-425E-979B-F5BAACE69988}.Release|Any CPU.ActiveCfg = Release|Any CPU
		{8DB31967-D117-425E-979B-F5BAACE69988}.Release|Any CPU.Build.0 = Release|Any CPU
		{14F870F4-7B5A-435B-A0FC-727A796392F7}.Debug|Any CPU.ActiveCfg = Debug|Any CPU
		{14F870F4-7B5A-435B-A0FC-727A796392F7}.Debug|Any CPU.Build.0 = Debug|Any CPU
		{14F870F4-7B5A-435B-A0FC-727A796392F7}.Release|Any CPU.ActiveCfg = Release|Any CPU
		{14F870F4-7B5A-435B-A0FC-727A796392F7}.Release|Any CPU.Build.0 = Release|Any CPU
	EndGlobalSection
	GlobalSection(SolutionProperties) = preSolution
		HideSolutionNode = FALSE
	EndGlobalSection
EndGlobal
